// !$*UTF8*$!
{
	archiveVersion = 1;
	classes = {
	};
	objectVersion = 50;
	objects = {

/* Begin PBXBuildFile section */
		AA52EFFB266956220044E313 /* Note.swift in Sources */ = {isa = PBXBuildFile; fileRef = AA52EFFA266956220044E313 /* Note.swift */; };
		AAD25F03266954070070447B /* AppDelegate.swift in Sources */ = {isa = PBXBuildFile; fileRef = AAD25F02266954070070447B /* AppDelegate.swift */; };
		AAD25F05266954070070447B /* SceneDelegate.swift in Sources */ = {isa = PBXBuildFile; fileRef = AAD25F04266954070070447B /* SceneDelegate.swift */; };
		AAD25F07266954070070447B /* ViewController.swift in Sources */ = {isa = PBXBuildFile; fileRef = AAD25F06266954070070447B /* ViewController.swift */; };
		AAD25F0A266954070070447B /* Main.storyboard in Resources */ = {isa = PBXBuildFile; fileRef = AAD25F08266954070070447B /* Main.storyboard */; };
		AAD25F0C266954080070447B /* Assets.xcassets in Resources */ = {isa = PBXBuildFile; fileRef = AAD25F0B266954080070447B /* Assets.xcassets */; };
		AAD25F0F266954080070447B /* LaunchScreen.storyboard in Resources */ = {isa = PBXBuildFile; fileRef = AAD25F0D266954080070447B /* LaunchScreen.storyboard */; };
		AAE6D7F8266C15EB00F9AD05 /* Extensions.swift in Sources */ = {isa = PBXBuildFile; fileRef = AAE6D7F7266C15EB00F9AD05 /* Extensions.swift */; };
/* End PBXBuildFile section */

/* Begin PBXFileReference section */
		AA52EFFA266956220044E313 /* Note.swift */ = {isa = PBXFileReference; lastKnownFileType = sourcecode.swift; path = Note.swift; sourceTree = "<group>"; };
		AAD25EFF266954070070447B /* PhotoNotes.app */ = {isa = PBXFileReference; explicitFileType = wrapper.application; includeInIndex = 0; path = PhotoNotes.app; sourceTree = BUILT_PRODUCTS_DIR; };
		AAD25F02266954070070447B /* AppDelegate.swift */ = {isa = PBXFileReference; lastKnownFileType = sourcecode.swift; path = AppDelegate.swift; sourceTree = "<group>"; };
		AAD25F04266954070070447B /* SceneDelegate.swift */ = {isa = PBXFileReference; lastKnownFileType = sourcecode.swift; path = SceneDelegate.swift; sourceTree = "<group>"; };
		AAD25F06266954070070447B /* ViewController.swift */ = {isa = PBXFileReference; lastKnownFileType = sourcecode.swift; path = ViewController.swift; sourceTree = "<group>"; };
		AAD25F09266954070070447B /* Base */ = {isa = PBXFileReference; lastKnownFileType = file.storyboard; name = Base; path = Base.lproj/Main.storyboard; sourceTree = "<group>"; };
		AAD25F0B266954080070447B /* Assets.xcassets */ = {isa = PBXFileReference; lastKnownFileType = folder.assetcatalog; path = Assets.xcassets; sourceTree = "<group>"; };
		AAD25F0E266954080070447B /* Base */ = {isa = PBXFileReference; lastKnownFileType = file.storyboard; name = Base; path = Base.lproj/LaunchScreen.storyboard; sourceTree = "<group>"; };
		AAD25F10266954080070447B /* Info.plist */ = {isa = PBXFileReference; lastKnownFileType = text.plist.xml; path = Info.plist; sourceTree = "<group>"; };
		AAE6D7F7266C15EB00F9AD05 /* Extensions.swift */ = {isa = PBXFileReference; lastKnownFileType = sourcecode.swift; path = Extensions.swift; sourceTree = "<group>"; };
/* End PBXFileReference section */

/* Begin PBXFrameworksBuildPhase section */
		AAD25EFC266954070070447B /* Frameworks */ = {
			isa = PBXFrameworksBuildPhase;
			buildActionMask = 2147483647;
			files = (
			);
			runOnlyForDeploymentPostprocessing = 0;
		};
/* End PBXFrameworksBuildPhase section */

/* Begin PBXGroup section */
		AAD25EF6266954070070447B = {
			isa = PBXGroup;
			children = (
				AAD25F01266954070070447B /* PhotoNotes */,
				AAD25F00266954070070447B /* Products */,
			);
			sourceTree = "<group>";
		};
		AAD25F00266954070070447B /* Products */ = {
			isa = PBXGroup;
			children = (
				AAD25EFF266954070070447B /* PhotoNotes.app */,
			);
			name = Products;
			sourceTree = "<group>";
		};
		AAD25F01266954070070447B /* PhotoNotes */ = {
			isa = PBXGroup;
			children = (
				AAD25F02266954070070447B /* AppDelegate.swift */,
				AAD25F04266954070070447B /* SceneDelegate.swift */,
				AAD25F06266954070070447B /* ViewController.swift */,
				AAD25F08266954070070447B /* Main.storyboard */,
				AAD25F0B266954080070447B /* Assets.xcassets */,
				AA52EFFA266956220044E313 /* Note.swift */,
				AAD25F0D266954080070447B /* LaunchScreen.storyboard */,
				AAE6D7F7266C15EB00F9AD05 /* Extensions.swift */,
				AAD25F10266954080070447B /* Info.plist */,
			);
			path = PhotoNotes;
			sourceTree = "<group>";
		};
/* End PBXGroup section */

/* Begin PBXNativeTarget section */
		AAD25EFE266954070070447B /* PhotoNotes */ = {
			isa = PBXNativeTarget;
			buildConfigurationList = AAD25F13266954080070447B /* Build configuration list for PBXNativeTarget "PhotoNotes" */;
			buildPhases = (
				AAD25EFB266954070070447B /* Sources */,
				AAD25EFC266954070070447B /* Frameworks */,
				AAD25EFD266954070070447B /* Resources */,
			);
			buildRules = (
			);
			dependencies = (
			);
			name = PhotoNotes;
			productName = PhotoNotes;
			productReference = AAD25EFF266954070070447B /* PhotoNotes.app */;
			productType = "com.apple.product-type.application";
		};
/* End PBXNativeTarget section */

/* Begin PBXProject section */
		AAD25EF7266954070070447B /* Project object */ = {
			isa = PBXProject;
			attributes = {
				LastSwiftUpdateCheck = 1250;
				LastUpgradeCheck = 1250;
				TargetAttributes = {
					AAD25EFE266954070070447B = {
						CreatedOnToolsVersion = 12.5;
					};
				};
			};
			buildConfigurationList = AAD25EFA266954070070447B /* Build configuration list for PBXProject "PhotoNotes" */;
			compatibilityVersion = "Xcode 9.3";
			developmentRegion = en;
			hasScannedForEncodings = 0;
			knownRegions = (
				en,
				Base,
			);
			mainGroup = AAD25EF6266954070070447B;
			productRefGroup = AAD25F00266954070070447B /* Products */;
			projectDirPath = "";
			projectRoot = "";
			targets = (
				AAD25EFE266954070070447B /* PhotoNotes */,
			);
		};
/* End PBXProject section */

/* Begin PBXResourcesBuildPhase section */
		AAD25EFD266954070070447B /* Resources */ = {
			isa = PBXResourcesBuildPhase;
			buildActionMask = 2147483647;
			files = (
				AAD25F0F266954080070447B /* LaunchScreen.storyboard in Resources */,
				AAD25F0C266954080070447B /* Assets.xcassets in Resources */,
				AAD25F0A266954070070447B /* Main.storyboard in Resources */,
			);
			runOnlyForDeploymentPostprocessing = 0;
		};
/* End PBXResourcesBuildPhase section */

/* Begin PBXSourcesBuildPhase section */
		AAD25EFB266954070070447B /* Sources */ = {
			isa = PBXSourcesBuildPhase;
			buildActionMask = 2147483647;
			files = (
				AAE6D7F8266C15EB00F9AD05 /* Extensions.swift in Sources */,
				AAD25F07266954070070447B /* ViewController.swift in Sources */,
				AAD25F03266954070070447B /* AppDelegate.swift in Sources */,
				AAD25F05266954070070447B /* SceneDelegate.swift in Sources */,
				AA52EFFB266956220044E313 /* Note.swift in Sources */,
			);
			runOnlyForDeploymentPostprocessing = 0;
		};
/* End PBXSourcesBuildPhase section */

/* Begin PBXVariantGroup section */
		AAD25F08266954070070447B /* Main.storyboard */ = {
			isa = PBXVariantGroup;
			children = (
				AAD25F09266954070070447B /* Base */,
			);
			name = Main.storyboard;
			sourceTree = "<group>";
		};
		AAD25F0D266954080070447B /* LaunchScreen.storyboard */ = {
			isa = PBXVariantGroup;
			children = (
				AAD25F0E266954080070447B /* Base */,
			);
			name = LaunchScreen.storyboard;
			sourceTree = "<group>";
		};
/* End PBXVariantGroup section */

/* Begin XCBuildConfiguration section */
		AAD25F11266954080070447B /* Debug */ = {
			isa = XCBuildConfiguration;
			buildSettings = {
				ALWAYS_SEARCH_USER_PATHS = NO;
				CLANG_ANALYZER_NONNULL = YES;
				CLANG_ANALYZER_NUMBER_OBJECT_CONVERSION = YES_AGGRESSIVE;
				CLANG_CXX_LANGUAGE_STANDARD = "gnu++14";
				CLANG_CXX_LIBRARY = "libc++";
				CLANG_ENABLE_MODULES = YES;
				CLANG_ENABLE_OBJC_ARC = YES;
				CLANG_ENABLE_OBJC_WEAK = YES;
				CLANG_WARN_BLOCK_CAPTURE_AUTORELEASING = YES;
				CLANG_WARN_BOOL_CONVERSION = YES;
				CLANG_WARN_COMMA = YES;
				CLANG_WARN_CONSTANT_CONVERSION = YES;
				CLANG_WARN_DEPRECATED_OBJC_IMPLEMENTATIONS = YES;
				CLANG_WARN_DIRECT_OBJC_ISA_USAGE = YES_ERROR;
				CLANG_WARN_DOCUMENTATION_COMMENTS = YES;
				CLANG_WARN_EMPTY_BODY = YES;
				CLANG_WARN_ENUM_CONVERSION = YES;
				CLANG_WARN_INFINITE_RECURSION = YES;
				CLANG_WARN_INT_CONVERSION = YES;
				CLANG_WARN_NON_LITERAL_NULL_CONVERSION = YES;
				CLANG_WARN_OBJC_IMPLICIT_RETAIN_SELF = YES;
				CLANG_WARN_OBJC_LITERAL_CONVERSION = YES;
				CLANG_WARN_OBJC_ROOT_CLASS = YES_ERROR;
				CLANG_WARN_QUOTED_INCLUDE_IN_FRAMEWORK_HEADER = YES;
				CLANG_WARN_RANGE_LOOP_ANALYSIS = YES;
				CLANG_WARN_STRICT_PROTOTYPES = YES;
				CLANG_WARN_SUSPICIOUS_MOVE = YES;
				CLANG_WARN_UNGUARDED_AVAILABILITY = YES_AGGRESSIVE;
				CLANG_WARN_UNREACHABLE_CODE = YES;
				CLANG_WARN__DUPLICATE_METHOD_MATCH = YES;
				COPY_PHASE_STRIP = NO;
				DEBUG_INFORMATION_FORMAT = dwarf;
				ENABLE_STRICT_OBJC_MSGSEND = YES;
				ENABLE_TESTABILITY = YES;
				GCC_C_LANGUAGE_STANDARD = gnu11;
				GCC_DYNAMIC_NO_PIC = NO;
				GCC_NO_COMMON_BLOCKS = YES;
				GCC_OPTIMIZATION_LEVEL = 0;
				GCC_PREPROCESSOR_DEFINITIONS = (
					"DEBUG=1",
					"$(inherited)",
				);
				GCC_WARN_64_TO_32_BIT_CONVERSION = YES;
				GCC_WARN_ABOUT_RETURN_TYPE = YES_ERROR;
				GCC_WARN_UNDECLARED_SELECTOR = YES;
				GCC_WARN_UNINITIALIZED_AUTOS = YES_AGGRESSIVE;
				GCC_WARN_UNUSED_FUNCTION = YES;
				GCC_WARN_UNUSED_VARIABLE = YES;
				IPHONEOS_DEPLOYMENT_TARGET = 14.3;
				MTL_ENABLE_DEBUG_INFO = INCLUDE_SOURCE;
				MTL_FAST_MATH = YES;
				ONLY_ACTIVE_ARCH = YES;
				SDKROOT = iphoneos;
				SWIFT_ACTIVE_COMPILATION_CONDITIONS = DEBUG;
				SWIFT_OPTIMIZATION_LEVEL = "-Onone";
			};
			name = Debug;
		};
		AAD25F12266954080070447B /* Release */ = {
			isa = XCBuildConfiguration;
			buildSettings = {
				ALWAYS_SEARCH_USER_PATHS = NO;
				CLANG_ANALYZER_NONNULL = YES;
				CLANG_ANALYZER_NUMBER_OBJECT_CONVERSION = YES_AGGRESSIVE;
				CLANG_CXX_LANGUAGE_STANDARD = "gnu++14";
				CLANG_CXX_LIBRARY = "libc++";
				CLANG_ENABLE_MODULES = YES;
				CLANG_ENABLE_OBJC_ARC = YES;
				CLANG_ENABLE_OBJC_WEAK = YES;
				CLANG_WARN_BLOCK_CAPTURE_AUTORELEASING = YES;
				CLANG_WARN_BOOL_CONVERSION = YES;
				CLANG_WARN_COMMA = YES;
				CLANG_WARN_CONSTANT_CONVERSION = YES;
				CLANG_WARN_DEPRECATED_OBJC_IMPLEMENTATIONS = YES;
				CLANG_WARN_DIRECT_OBJC_ISA_USAGE = YES_ERROR;
				CLANG_WARN_DOCUMENTATION_COMMENTS = YES;
				CLANG_WARN_EMPTY_BODY = YES;
				CLANG_WARN_ENUM_CONVERSION = YES;
				CLANG_WARN_INFINITE_RECURSION = YES;
				CLANG_WARN_INT_CONVERSION = YES;
				CLANG_WARN_NON_LITERAL_NULL_CONVERSION = YES;
				CLANG_WARN_OBJC_IMPLICIT_RETAIN_SELF = YES;
				CLANG_WARN_OBJC_LITERAL_CONVERSION = YES;
				CLANG_WARN_OBJC_ROOT_CLASS = YES_ERROR;
				CLANG_WARN_QUOTED_INCLUDE_IN_FRAMEWORK_HEADER = YES;
				CLANG_WARN_RANGE_LOOP_ANALYSIS = YES;
				CLANG_WARN_STRICT_PROTOTYPES = YES;
				CLANG_WARN_SUSPICIOUS_MOVE = YES;
				CLANG_WARN_UNGUARDED_AVAILABILITY = YES_AGGRESSIVE;
				CLANG_WARN_UNREACHABLE_CODE = YES;
				CLANG_WARN__DUPLICATE_METHOD_MATCH = YES;
				COPY_PHASE_STRIP = NO;
				DEBUG_INFORMATION_FORMAT = "dwarf-with-dsym";
				ENABLE_NS_ASSERTIONS = NO;
				ENABLE_STRICT_OBJC_MSGSEND = YES;
				GCC_C_LANGUAGE_STANDARD = gnu11;
				GCC_NO_COMMON_BLOCKS = YES;
				GCC_WARN_64_TO_32_BIT_CONVERSION = YES;
				GCC_WARN_ABOUT_RETURN_TYPE = YES_ERROR;
				GCC_WARN_UNDECLARED_SELECTOR = YES;
				GCC_WARN_UNINITIALIZED_AUTOS = YES_AGGRESSIVE;
				GCC_WARN_UNUSED_FUNCTION = YES;
				GCC_WARN_UNUSED_VARIABLE = YES;
				IPHONEOS_DEPLOYMENT_TARGET = 14.3;
				MTL_ENABLE_DEBUG_INFO = NO;
				MTL_FAST_MATH = YES;
				SDKROOT = iphoneos;
				SWIFT_COMPILATION_MODE = wholemodule;
				SWIFT_OPTIMIZATION_LEVEL = "-O";
				VALIDATE_PRODUCT = YES;
			};
			name = Release;
		};
		AAD25F14266954080070447B /* Debug */ = {
			isa = XCBuildConfiguration;
			buildSettings = {
				ASSETCATALOG_COMPILER_APPICON_NAME = AppIcon;
				ASSETCATALOG_COMPILER_GLOBAL_ACCENT_COLOR_NAME = AccentColor;
				CODE_SIGN_STYLE = Automatic;
				DEVELOPMENT_TEAM = 8JWF52JVK7;
				INFOPLIST_FILE = PhotoNotes/Info.plist;
				LD_RUNPATH_SEARCH_PATHS = (
					"$(inherited)",
					"@executable_path/Frameworks",
				);
				PRODUCT_BUNDLE_IDENTIFIER = "Azat-Kaiumov.Project1";
				PRODUCT_NAME = "$(TARGET_NAME)";
				SWIFT_VERSION = 5.0;
				TARGETED_DEVICE_FAMILY = "1,2";
			};
			name = Debug;
		};
		AAD25F15266954080070447B /* Release */ = {
			isa = XCBuildConfiguration;
			buildSettings = {
				ASSETCATALOG_COMPILER_APPICON_NAME = AppIcon;
				ASSETCATALOG_COMPILER_GLOBAL_ACCENT_COLOR_NAME = AccentColor;
				CODE_SIGN_STYLE = Automatic;
				DEVELOPMENT_TEAM = 8JWF52JVK7;
				INFOPLIST_FILE = PhotoNotes/Info.plist;
				LD_RUNPATH_SEARCH_PATHS = (
					"$(inherited)",
					"@executable_path/Frameworks",
				);
				PRODUCT_BUNDLE_IDENTIFIER = "Azat-Kaiumov.Project1";
				PRODUCT_NAME = "$(TARGET_NAME)";
				SWIFT_VERSION = 5.0;
				TARGETED_DEVICE_FAMILY = "1,2";
			};
			name = Release;
		};
/* End XCBuildConfiguration section */

/* Begin XCConfigurationList section */
		AAD25EFA266954070070447B /* Build configuration list for PBXProject "PhotoNotes" */ = {
			isa = XCConfigurationList;
			buildConfigurations = (
				AAD25F11266954080070447B /* Debug */,
				AAD25F12266954080070447B /* Release */,
			);
			defaultConfigurationIsVisible = 0;
			defaultConfigurationName = Release;
		};
		AAD25F13266954080070447B /* Build configuration list for PBXNativeTarget "PhotoNotes" */ = {
			isa = XCConfigurationList;
			buildConfigurations = (
				AAD25F14266954080070447B /* Debug */,
				AAD25F15266954080070447B /* Release */,
			);
			defaultConfigurationIsVisible = 0;
			defaultConfigurationName = Release;
		};
/* End XCConfigurationList section */
	};
	rootObject = AAD25EF7266954070070447B /* Project object */;
}
